
Microsoft Visual Studio Solution File, Format Version 12.00
# Visual Studio Version 16
VisualStudioVersion = 16.0.30907.101
MinimumVisualStudioVersion = 10.0.40219.1
Project("{9A19103F-16F7-4668-BE54-9A1E7A4F7556}") = "Practices", "Practices\Practices.csproj", "{C3FC7C0B-9860-418D-B691-05BEA5C83FB3}"
EndProject
Project("{9A19103F-16F7-4668-BE54-9A1E7A4F7556}") = "Practices_NUnit_Tests", "Practices_nUnit_Tests\Practices_NUnit_Tests.csproj", "{24191ACA-545E-454A-BB6B-0B6F4E2D9238}"
EndProject
Project("{9A19103F-16F7-4668-BE54-9A1E7A4F7556}") = "Practices_xUnit_Tests", "Practices_xUnit_Tests\Practices_xUnit_Tests.csproj", "{2E7E1C20-1C45-422C-BF13-3DD6B5E3CF36}"
EndProject
Project("{9A19103F-16F7-4668-BE54-9A1E7A4F7556}") = "Practices_MS_Tests", "Practices_MS_Tests\Practices_MS_Tests.csproj", "{C7FABC55-8BB2-4939-AFE9-6CFA45BE6A63}"
EndProject
Global
	GlobalSection(SolutionConfigurationPlatforms) = preSolution
		Debug|Any CPU = Debug|Any CPU
		Release|Any CPU = Release|Any CPU
	EndGlobalSection
	GlobalSection(ProjectConfigurationPlatforms) = postSolution
		{C3FC7C0B-9860-418D-B691-05BEA5C83FB3}.Debug|Any CPU.ActiveCfg = Debug|Any CPU
		{C3FC7C0B-9860-418D-B691-05BEA5C83FB3}.Debug|Any CPU.Build.0 = Debug|Any CPU
		{C3FC7C0B-9860-418D-B691-05BEA5C83FB3}.Release|Any CPU.ActiveCfg = Release|Any CPU
		{C3FC7C0B-9860-418D-B691-05BEA5C83FB3}.Release|Any CPU.Build.0 = Release|Any CPU
		{24191ACA-545E-454A-BB6B-0B6F4E2D9238}.Debug|Any CPU.ActiveCfg = Debug|Any CPU
		{24191ACA-545E-454A-BB6B-0B6F4E2D9238}.Debug|Any CPU.Build.0 = Debug|Any CPU
		{24191ACA-545E-454A-BB6B-0B6F4E2D9238}.Release|Any CPU.ActiveCfg = Release|Any CPU
		{24191ACA-545E-454A-BB6B-0B6F4E2D9238}.Release|Any CPU.Build.0 = Release|Any CPU
		{2E7E1C20-1C45-422C-BF13-3DD6B5E3CF36}.Debug|Any CPU.ActiveCfg = Debug|Any CPU
		{2E7E1C20-1C45-422C-BF13-3DD6B5E3CF36}.Debug|Any CPU.Build.0 = Debug|Any CPU
		{2E7E1C20-1C45-422C-BF13-3DD6B5E3CF36}.Release|Any CPU.ActiveCfg = Release|Any CPU
		{2E7E1C20-1C45-422C-BF13-3DD6B5E3CF36}.Release|Any CPU.Build.0 = Release|Any CPU
		{C7FABC55-8BB2-4939-AFE9-6CFA45BE6A63}.Debug|Any CPU.ActiveCfg = Debug|Any CPU
		{C7FABC55-8BB2-4939-AFE9-6CFA45BE6A63}.Debug|Any CPU.Build.0 = Debug|Any CPU
		{C7FABC55-8BB2-4939-AFE9-6CFA45BE6A63}.Release|Any CPU.ActiveCfg = Release|Any CPU
		{C7FABC55-8BB2-4939-AFE9-6CFA45BE6A63}.Release|Any CPU.Build.0 = Release|Any CPU
	EndGlobalSection
	GlobalSection(SolutionProperties) = preSolution
		HideSolutionNode = FALSE
	EndGlobalSection
	GlobalSection(ExtensibilityGlobals) = postSolution
		SolutionGuid = {A780B089-2F5B-4751-A3CD-71D587A58AE9}
	EndGlobalSection
EndGlobal
